
Microsoft Visual Studio Solution File, Format Version 12.00
# Visual Studio Version 17
VisualStudioVersion = 17.8.34511.84
MinimumVisualStudioVersion = 10.0.40219.1
Project("{FAE04EC0-301F-11D3-BF4B-00C04F79EFBC}") = "Examen", "Examen\Examen.csproj", "{7A305C15-FD7E-4C9A-92FD-03780B3EFC2E}"
EndProject
Global
	GlobalSection(SolutionConfigurationPlatforms) = preSolution
		Debug|Any CPU = Debug|Any CPU
		Release|Any CPU = Release|Any CPU
	EndGlobalSection
	GlobalSection(ProjectConfigurationPlatforms) = postSolution
		{7A305C15-FD7E-4C9A-92FD-03780B3EFC2E}.Debug|Any CPU.ActiveCfg = Debug|Any CPU
		{7A305C15-FD7E-4C9A-92FD-03780B3EFC2E}.Debug|Any CPU.Build.0 = Debug|Any CPU
		{7A305C15-FD7E-4C9A-92FD-03780B3EFC2E}.Release|Any CPU.ActiveCfg = Release|Any CPU
		{7A305C15-FD7E-4C9A-92FD-03780B3EFC2E}.Release|Any CPU.Build.0 = Release|Any CPU
	EndGlobalSection
	GlobalSection(SolutionProperties) = preSolution
		HideSolutionNode = FALSE
	EndGlobalSection
	GlobalSection(ExtensibilityGlobals) = postSolution
		SolutionGuid = {FF385A3C-9B5F-492A-906D-29E52E9F5487}
	EndGlobalSection
EndGlobal
